
Microsoft Visual Studio Solution File, Format Version 12.00
# Visual Studio 2015
Project("{FAE04EC0-301F-11D3-BF4B-00C04F79EFBC}") = "ZombieSurvivor", "Assembly-CSharp.csproj", "{86B52196-8888-8C7C-DFCC-B37820F37923}"
EndProject
Project("{FAE04EC0-301F-11D3-BF4B-00C04F79EFBC}") = "ZombieSurvivor", "NavMeshComponents.csproj", "{F2DBBA5E-763B-AD4F-EE09-882F65DD6169}"
EndProject
Project("{FAE04EC0-301F-11D3-BF4B-00C04F79EFBC}") = "ZombieSurvivor", "NavMeshComponentsEditor.csproj", "{495FFDBD-91F1-98C4-35DD-D5D5299A6245}"
EndProject
Project("{FAE04EC0-301F-11D3-BF4B-00C04F79EFBC}") = "ZombieSurvivor", "Assembly-CSharp-Editor.csproj", "{C6FEB8E5-E8BD-ACF6-51B6-4C0CD314DF07}"
EndProject
Global
	GlobalSection(SolutionConfigurationPlatforms) = preSolution
		Debug|Any CPU = Debug|Any CPU
		Release|Any CPU = Release|Any CPU
	EndGlobalSection
	GlobalSection(ProjectConfigurationPlatforms) = postSolution
		{86B52196-8888-8C7C-DFCC-B37820F37923}.Debug|Any CPU.ActiveCfg = Debug|Any CPU
		{86B52196-8888-8C7C-DFCC-B37820F37923}.Debug|Any CPU.Build.0 = Debug|Any CPU
		{86B52196-8888-8C7C-DFCC-B37820F37923}.Release|Any CPU.ActiveCfg = Release|Any CPU
		{86B52196-8888-8C7C-DFCC-B37820F37923}.Release|Any CPU.Build.0 = Release|Any CPU
		{F2DBBA5E-763B-AD4F-EE09-882F65DD6169}.Debug|Any CPU.ActiveCfg = Debug|Any CPU
		{F2DBBA5E-763B-AD4F-EE09-882F65DD6169}.Debug|Any CPU.Build.0 = Debug|Any CPU
		{F2DBBA5E-763B-AD4F-EE09-882F65DD6169}.Release|Any CPU.ActiveCfg = Release|Any CPU
		{F2DBBA5E-763B-AD4F-EE09-882F65DD6169}.Release|Any CPU.Build.0 = Release|Any CPU
		{495FFDBD-91F1-98C4-35DD-D5D5299A6245}.Debug|Any CPU.ActiveCfg = Debug|Any CPU
		{495FFDBD-91F1-98C4-35DD-D5D5299A6245}.Debug|Any CPU.Build.0 = Debug|Any CPU
		{495FFDBD-91F1-98C4-35DD-D5D5299A6245}.Release|Any CPU.ActiveCfg = Release|Any CPU
		{495FFDBD-91F1-98C4-35DD-D5D5299A6245}.Release|Any CPU.Build.0 = Release|Any CPU
		{C6FEB8E5-E8BD-ACF6-51B6-4C0CD314DF07}.Debug|Any CPU.ActiveCfg = Debug|Any CPU
		{C6FEB8E5-E8BD-ACF6-51B6-4C0CD314DF07}.Debug|Any CPU.Build.0 = Debug|Any CPU
		{C6FEB8E5-E8BD-ACF6-51B6-4C0CD314DF07}.Release|Any CPU.ActiveCfg = Release|Any CPU
		{C6FEB8E5-E8BD-ACF6-51B6-4C0CD314DF07}.Release|Any CPU.Build.0 = Release|Any CPU
	EndGlobalSection
	GlobalSection(SolutionProperties) = preSolution
		HideSolutionNode = FALSE
	EndGlobalSection
EndGlobal
